
Microsoft Visual Studio Solution File, Format Version 12.00
# Visual Studio Version 17
VisualStudioVersion = 17.7.34018.315
MinimumVisualStudioVersion = 10.0.40219.1
Project("{F2A71F9B-5D33-465A-A702-920D77279786}") = "StateMachine", "StateMachine\StateMachine.fsproj", "{598A2684-1F80-425D-BCA8-E90B2584FF2F}"
EndProject
Project("{F2A71F9B-5D33-465A-A702-920D77279786}") = "StateMachineCLI", "StateMachineCLI\StateMachineCLI.fsproj", "{80EFC22C-4C27-438A-8246-A6C4C6436ADE}"
EndProject
Project("{F2A71F9B-5D33-465A-A702-920D77279786}") = "StateMachineTests", "StateMachineTests\StateMachineTests.fsproj", "{0BF45346-414C-405D-A731-E65019789E97}"
EndProject
Global
	GlobalSection(SolutionConfigurationPlatforms) = preSolution
		Debug|Any CPU = Debug|Any CPU
		Release|Any CPU = Release|Any CPU
	EndGlobalSection
	GlobalSection(ProjectConfigurationPlatforms) = postSolution
		{598A2684-1F80-425D-BCA8-E90B2584FF2F}.Debug|Any CPU.ActiveCfg = Debug|Any CPU
		{598A2684-1F80-425D-BCA8-E90B2584FF2F}.Debug|Any CPU.Build.0 = Debug|Any CPU
		{598A2684-1F80-425D-BCA8-E90B2584FF2F}.Release|Any CPU.ActiveCfg = Release|Any CPU
		{598A2684-1F80-425D-BCA8-E90B2584FF2F}.Release|Any CPU.Build.0 = Release|Any CPU
		{80EFC22C-4C27-438A-8246-A6C4C6436ADE}.Debug|Any CPU.ActiveCfg = Debug|Any CPU
		{80EFC22C-4C27-438A-8246-A6C4C6436ADE}.Debug|Any CPU.Build.0 = Debug|Any CPU
		{80EFC22C-4C27-438A-8246-A6C4C6436ADE}.Release|Any CPU.ActiveCfg = Release|Any CPU
		{80EFC22C-4C27-438A-8246-A6C4C6436ADE}.Release|Any CPU.Build.0 = Release|Any CPU
		{0BF45346-414C-405D-A731-E65019789E97}.Debug|Any CPU.ActiveCfg = Debug|Any CPU
		{0BF45346-414C-405D-A731-E65019789E97}.Debug|Any CPU.Build.0 = Debug|Any CPU
		{0BF45346-414C-405D-A731-E65019789E97}.Release|Any CPU.ActiveCfg = Release|Any CPU
		{0BF45346-414C-405D-A731-E65019789E97}.Release|Any CPU.Build.0 = Release|Any CPU
	EndGlobalSection
	GlobalSection(SolutionProperties) = preSolution
		HideSolutionNode = FALSE
	EndGlobalSection
	GlobalSection(ExtensibilityGlobals) = postSolution
		SolutionGuid = {693EEB7E-D061-4C4E-9CAB-51A6A0D59A98}
	EndGlobalSection
EndGlobal
